// !$*UTF8*$!
{
	archiveVersion = 1;
	classes = {
	};
	objectVersion = 46;
	objects = {

/* Begin PBXBuildFile section */
		E03C97BA151A435A0004D2FD /* UIKit.framework in Frameworks */ = {isa = PBXBuildFile; fileRef = E03C97B9151A435A0004D2FD /* UIKit.framework */; };
		E03C97BC151A435A0004D2FD /* Foundation.framework in Frameworks */ = {isa = PBXBuildFile; fileRef = E03C97BB151A435A0004D2FD /* Foundation.framework */; };
		E03C97BE151A435A0004D2FD /* CoreGraphics.framework in Frameworks */ = {isa = PBXBuildFile; fileRef = E03C97BD151A435A0004D2FD /* CoreGraphics.framework */; };
		E03C97C4151A435A0004D2FD /* InfoPlist.strings in Resources */ = {isa = PBXBuildFile; fileRef = E03C97C2151A435A0004D2FD /* InfoPlist.strings */; };
		E03C97C6151A435A0004D2FD /* main.m in Sources */ = {isa = PBXBuildFile; fileRef = E03C97C5151A435A0004D2FD /* main.m */; };
		E03C97CA151A435A0004D2FD /* AppDelegate.m in Sources */ = {isa = PBXBuildFile; fileRef = E03C97C9151A435A0004D2FD /* AppDelegate.m */; };
		E03C97CD151A435A0004D2FD /* ViewController.m in Sources */ = {isa = PBXBuildFile; fileRef = E03C97CC151A435A0004D2FD /* ViewController.m */; };
		E03C97D0151A435A0004D2FD /* ViewController.xib in Resources */ = {isa = PBXBuildFile; fileRef = E03C97CE151A435A0004D2FD /* ViewController.xib */; };
		E03C97D9151A44D70004D2FD /* ModalViewController.m in Sources */ = {isa = PBXBuildFile; fileRef = E03C97D7151A44D70004D2FD /* ModalViewController.m */; };
		E03C97DA151A44D70004D2FD /* ModalViewController.xib in Resources */ = {isa = PBXBuildFile; fileRef = E03C97D8151A44D70004D2FD /* ModalViewController.xib */; };
		E03C97DE151A4C650004D2FD /* FirstViewController.m in Sources */ = {isa = PBXBuildFile; fileRef = E03C97DC151A4C640004D2FD /* FirstViewController.m */; };
		E03C97DF151A4C650004D2FD /* FirstViewController.xib in Resources */ = {isa = PBXBuildFile; fileRef = E03C97DD151A4C640004D2FD /* FirstViewController.xib */; };
		E03C97E3151A4C7E0004D2FD /* SecondViewController.m in Sources */ = {isa = PBXBuildFile; fileRef = E03C97E1151A4C7E0004D2FD /* SecondViewController.m */; };
		E03C97E4151A4C7E0004D2FD /* SecondViewController.xib in Resources */ = {isa = PBXBuildFile; fileRef = E03C97E2151A4C7E0004D2FD /* SecondViewController.xib */; };
		E03C97E8151A4F670004D2FD /* ThirdViewController.m in Sources */ = {isa = PBXBuildFile; fileRef = E03C97E6151A4F670004D2FD /* ThirdViewController.m */; };
		E03C97E9151A4F670004D2FD /* ThirdViewController.xib in Resources */ = {isa = PBXBuildFile; fileRef = E03C97E7151A4F670004D2FD /* ThirdViewController.xib */; };
		E03C97F0151A52420004D2FD /* 01-refresh.png in Resources */ = {isa = PBXBuildFile; fileRef = E03C97EA151A52420004D2FD /* 01-refresh.png */; };
		E03C97F1151A52420004D2FD /* 01-refresh@2x.png in Resources */ = {isa = PBXBuildFile; fileRef = E03C97EB151A52420004D2FD /* 01-refresh@2x.png */; };
		E03C97F2151A52420004D2FD /* 05-shuffle.png in Resources */ = {isa = PBXBuildFile; fileRef = E03C97EC151A52420004D2FD /* 05-shuffle.png */; };
		E03C97F3151A52420004D2FD /* 05-shuffle@2x.png in Resources */ = {isa = PBXBuildFile; fileRef = E03C97ED151A52420004D2FD /* 05-shuffle@2x.png */; };
		E03C97F4151A52420004D2FD /* 12-eye.png in Resources */ = {isa = PBXBuildFile; fileRef = E03C97EE151A52420004D2FD /* 12-eye.png */; };
		E03C97F5151A52420004D2FD /* 12-eye@2x.png in Resources */ = {isa = PBXBuildFile; fileRef = E03C97EF151A52420004D2FD /* 12-eye@2x.png */; };
/* End PBXBuildFile section */

/* Begin PBXFileReference section */
		E03C97B5151A435A0004D2FD /* Navigation.app */ = {isa = PBXFileReference; explicitFileType = wrapper.application; includeInIndex = 0; path = Navigation.app; sourceTree = BUILT_PRODUCTS_DIR; };
		E03C97B9151A435A0004D2FD /* UIKit.framework */ = {isa = PBXFileReference; lastKnownFileType = wrapper.framework; name = UIKit.framework; path = System/Library/Frameworks/UIKit.framework; sourceTree = SDKROOT; };
		E03C97BB151A435A0004D2FD /* Foundation.framework */ = {isa = PBXFileReference; lastKnownFileType = wrapper.framework; name = Foundation.framework; path = System/Library/Frameworks/Foundation.framework; sourceTree = SDKROOT; };
		E03C97BD151A435A0004D2FD /* CoreGraphics.framework */ = {isa = PBXFileReference; lastKnownFileType = wrapper.framework; name = CoreGraphics.framework; path = System/Library/Frameworks/CoreGraphics.framework; sourceTree = SDKROOT; };
		E03C97C1151A435A0004D2FD /* Navigation-Info.plist */ = {isa = PBXFileReference; lastKnownFileType = text.plist.xml; path = "Navigation-Info.plist"; sourceTree = "<group>"; };
		E03C97C3151A435A0004D2FD /* en */ = {isa = PBXFileReference; lastKnownFileType = text.plist.strings; name = en; path = en.lproj/InfoPlist.strings; sourceTree = "<group>"; };
		E03C97C5151A435A0004D2FD /* main.m */ = {isa = PBXFileReference; lastKnownFileType = sourcecode.c.objc; path = main.m; sourceTree = "<group>"; };
		E03C97C7151A435A0004D2FD /* Navigation-Prefix.pch */ = {isa = PBXFileReference; lastKnownFileType = sourcecode.c.h; path = "Navigation-Prefix.pch"; sourceTree = "<group>"; };
		E03C97C8151A435A0004D2FD /* AppDelegate.h */ = {isa = PBXFileReference; lastKnownFileType = sourcecode.c.h; path = AppDelegate.h; sourceTree = "<group>"; };
		E03C97C9151A435A0004D2FD /* AppDelegate.m */ = {isa = PBXFileReference; lastKnownFileType = sourcecode.c.objc; path = AppDelegate.m; sourceTree = "<group>"; };
		E03C97CB151A435A0004D2FD /* ViewController.h */ = {isa = PBXFileReference; lastKnownFileType = sourcecode.c.h; path = ViewController.h; sourceTree = "<group>"; };
		E03C97CC151A435A0004D2FD /* ViewController.m */ = {isa = PBXFileReference; lastKnownFileType = sourcecode.c.objc; path = ViewController.m; sourceTree = "<group>"; };
		E03C97CF151A435A0004D2FD /* en */ = {isa = PBXFileReference; lastKnownFileType = file.xib; name = en; path = en.lproj/ViewController.xib; sourceTree = "<group>"; };
		E03C97D6151A44D70004D2FD /* ModalViewController.h */ = {isa = PBXFileReference; fileEncoding = 4; lastKnownFileType = sourcecode.c.h; name = ModalViewController.h; path = ../ModalViewController.h; sourceTree = "<group>"; };
		E03C97D7151A44D70004D2FD /* ModalViewController.m */ = {isa = PBXFileReference; fileEncoding = 4; lastKnownFileType = sourcecode.c.objc; name = ModalViewController.m; path = ../ModalViewController.m; sourceTree = "<group>"; };
		E03C97D8151A44D70004D2FD /* ModalViewController.xib */ = {isa = PBXFileReference; fileEncoding = 4; lastKnownFileType = file.xib; name = ModalViewController.xib; path = ../ModalViewController.xib; sourceTree = "<group>"; };
		E03C97DB151A4C640004D2FD /* FirstViewController.h */ = {isa = PBXFileReference; fileEncoding = 4; lastKnownFileType = sourcecode.c.h; path = FirstViewController.h; sourceTree = "<group>"; };
		E03C97DC151A4C640004D2FD /* FirstViewController.m */ = {isa = PBXFileReference; fileEncoding = 4; lastKnownFileType = sourcecode.c.objc; path = FirstViewController.m; sourceTree = "<group>"; };
		E03C97DD151A4C640004D2FD /* FirstViewController.xib */ = {isa = PBXFileReference; fileEncoding = 4; lastKnownFileType = file.xib; path = FirstViewController.xib; sourceTree = "<group>"; };
		E03C97E0151A4C7E0004D2FD /* SecondViewController.h */ = {isa = PBXFileReference; fileEncoding = 4; lastKnownFileType = sourcecode.c.h; path = SecondViewController.h; sourceTree = "<group>"; };
		E03C97E1151A4C7E0004D2FD /* SecondViewController.m */ = {isa = PBXFileReference; fileEncoding = 4; lastKnownFileType = sourcecode.c.objc; path = SecondViewController.m; sourceTree = "<group>"; };
		E03C97E2151A4C7E0004D2FD /* SecondViewController.xib */ = {isa = PBXFileReference; fileEncoding = 4; lastKnownFileType = file.xib; path = SecondViewController.xib; sourceTree = "<group>"; };
		E03C97E5151A4F670004D2FD /* ThirdViewController.h */ = {isa = PBXFileReference; fileEncoding = 4; lastKnownFileType = sourcecode.c.h; path = ThirdViewController.h; sourceTree = "<group>"; };
		E03C97E6151A4F670004D2FD /* ThirdViewController.m */ = {isa = PBXFileReference; fileEncoding = 4; lastKnownFileType = sourcecode.c.objc; path = ThirdViewController.m; sourceTree = "<group>"; };
		E03C97E7151A4F670004D2FD /* ThirdViewController.xib */ = {isa = PBXFileReference; fileEncoding = 4; lastKnownFileType = file.xib; path = ThirdViewController.xib; sourceTree = "<group>"; };
		E03C97EA151A52420004D2FD /* 01-refresh.png */ = {isa = PBXFileReference; lastKnownFileType = image.png; name = "01-refresh.png"; path = "../01-refresh.png"; sourceTree = "<group>"; };
		E03C97EB151A52420004D2FD /* 01-refresh@2x.png */ = {isa = PBXFileReference; lastKnownFileType = image.png; name = "01-refresh@2x.png"; path = "../01-refresh@2x.png"; sourceTree = "<group>"; };
		E03C97EC151A52420004D2FD /* 05-shuffle.png */ = {isa = PBXFileReference; lastKnownFileType = image.png; name = "05-shuffle.png"; path = "../05-shuffle.png"; sourceTree = "<group>"; };
		E03C97ED151A52420004D2FD /* 05-shuffle@2x.png */ = {isa = PBXFileReference; lastKnownFileType = image.png; name = "05-shuffle@2x.png"; path = "../05-shuffle@2x.png"; sourceTree = "<group>"; };
		E03C97EE151A52420004D2FD /* 12-eye.png */ = {isa = PBXFileReference; lastKnownFileType = image.png; name = "12-eye.png"; path = "../12-eye.png"; sourceTree = "<group>"; };
		E03C97EF151A52420004D2FD /* 12-eye@2x.png */ = {isa = PBXFileReference; lastKnownFileType = image.png; name = "12-eye@2x.png"; path = "../12-eye@2x.png"; sourceTree = "<group>"; };
/* End PBXFileReference section */

/* Begin PBXFrameworksBuildPhase section */
		E03C97B2151A435A0004D2FD /* Frameworks */ = {
			isa = PBXFrameworksBuildPhase;
			buildActionMask = 2147483647;
			files = (
				E03C97BA151A435A0004D2FD /* UIKit.framework in Frameworks */,
				E03C97BC151A435A0004D2FD /* Foundation.framework in Frameworks */,
				E03C97BE151A435A0004D2FD /* CoreGraphics.framework in Frameworks */,
			);
			runOnlyForDeploymentPostprocessing = 0;
		};
/* End PBXFrameworksBuildPhase section */

/* Begin PBXGroup section */
		E03C97AA151A435A0004D2FD = {
			isa = PBXGroup;
			children = (
				E03C97BF151A435A0004D2FD /* Navigation */,
				E03C97B8151A435A0004D2FD /* Frameworks */,
				E03C97B6151A435A0004D2FD /* Products */,
			);
			sourceTree = "<group>";
		};
		E03C97B6151A435A0004D2FD /* Products */ = {
			isa = PBXGroup;
			children = (
				E03C97B5151A435A0004D2FD /* Navigation.app */,
			);
			name = Products;
			sourceTree = "<group>";
		};
		E03C97B8151A435A0004D2FD /* Frameworks */ = {
			isa = PBXGroup;
			children = (
				E03C97B9151A435A0004D2FD /* UIKit.framework */,
				E03C97BB151A435A0004D2FD /* Foundation.framework */,
				E03C97BD151A435A0004D2FD /* CoreGraphics.framework */,
			);
			name = Frameworks;
			sourceTree = "<group>";
		};
		E03C97BF151A435A0004D2FD /* Navigation */ = {
			isa = PBXGroup;
			children = (
				E03C97FE151A52D80004D2FD /* Images */,
				E03C97DB151A4C640004D2FD /* FirstViewController.h */,
				E03C97DC151A4C640004D2FD /* FirstViewController.m */,
				E03C97DD151A4C640004D2FD /* FirstViewController.xib */,
				E03C97E0151A4C7E0004D2FD /* SecondViewController.h */,
				E03C97E1151A4C7E0004D2FD /* SecondViewController.m */,
				E03C97E2151A4C7E0004D2FD /* SecondViewController.xib */,
				E03C97E5151A4F670004D2FD /* ThirdViewController.h */,
				E03C97E6151A4F670004D2FD /* ThirdViewController.m */,
				E03C97E7151A4F670004D2FD /* ThirdViewController.xib */,
				E03C97D6151A44D70004D2FD /* ModalViewController.h */,
				E03C97D7151A44D70004D2FD /* ModalViewController.m */,
				E03C97D8151A44D70004D2FD /* ModalViewController.xib */,
				E03C97C8151A435A0004D2FD /* AppDelegate.h */,
				E03C97C9151A435A0004D2FD /* AppDelegate.m */,
				E03C97CB151A435A0004D2FD /* ViewController.h */,
				E03C97CC151A435A0004D2FD /* ViewController.m */,
				E03C97CE151A435A0004D2FD /* ViewController.xib */,
				E03C97C0151A435A0004D2FD /* Supporting Files */,
			);
			path = Navigation;
			sourceTree = "<group>";
		};
		E03C97C0151A435A0004D2FD /* Supporting Files */ = {
			isa = PBXGroup;
			children = (
				E03C97C1151A435A0004D2FD /* Navigation-Info.plist */,
				E03C97C2151A435A0004D2FD /* InfoPlist.strings */,
				E03C97C5151A435A0004D2FD /* main.m */,
				E03C97C7151A435A0004D2FD /* Navigation-Prefix.pch */,
			);
			name = "Supporting Files";
			sourceTree = "<group>";
		};
		E03C97FE151A52D80004D2FD /* Images */ = {
			isa = PBXGroup;
			children = (
				E03C97EA151A52420004D2FD /* 01-refresh.png */,
				E03C97EB151A52420004D2FD /* 01-refresh@2x.png */,
				E03C97EC151A52420004D2FD /* 05-shuffle.png */,
				E03C97ED151A52420004D2FD /* 05-shuffle@2x.png */,
				E03C97EE151A52420004D2FD /* 12-eye.png */,
				E03C97EF151A52420004D2FD /* 12-eye@2x.png */,
			);
			name = Images;
			sourceTree = "<group>";
		};
/* End PBXGroup section */

/* Begin PBXNativeTarget section */
		E03C97B4151A435A0004D2FD /* Navigation */ = {
			isa = PBXNativeTarget;
			buildConfigurationList = E03C97D3151A435A0004D2FD /* Build configuration list for PBXNativeTarget "Navigation" */;
			buildPhases = (
				E03C97B1151A435A0004D2FD /* Sources */,
				E03C97B2151A435A0004D2FD /* Frameworks */,
				E03C97B3151A435A0004D2FD /* Resources */,
			);
			buildRules = (
			);
			dependencies = (
			);
			name = Navigation;
			productName = Navigation;
			productReference = E03C97B5151A435A0004D2FD /* Navigation.app */;
			productType = "com.apple.product-type.application";
		};
/* End PBXNativeTarget section */

/* Begin PBXProject section */
		E03C97AC151A435A0004D2FD /* Project object */ = {
			isa = PBXProject;
			attributes = {
				LastUpgradeCheck = 0430;
			};
			buildConfigurationList = E03C97AF151A435A0004D2FD /* Build configuration list for PBXProject "Navigation" */;
			compatibilityVersion = "Xcode 3.2";
			developmentRegion = English;
			hasScannedForEncodings = 0;
			knownRegions = (
				en,
			);
			mainGroup = E03C97AA151A435A0004D2FD;
			productRefGroup = E03C97B6151A435A0004D2FD /* Products */;
			projectDirPath = "";
			projectRoot = "";
			targets = (
				E03C97B4151A435A0004D2FD /* Navigation */,
			);
		};
/* End PBXProject section */

/* Begin PBXResourcesBuildPhase section */
		E03C97B3151A435A0004D2FD /* Resources */ = {
			isa = PBXResourcesBuildPhase;
			buildActionMask = 2147483647;
			files = (
				E03C97C4151A435A0004D2FD /* InfoPlist.strings in Resources */,
				E03C97D0151A435A0004D2FD /* ViewController.xib in Resources */,
				E03C97DA151A44D70004D2FD /* ModalViewController.xib in Resources */,
				E03C97DF151A4C650004D2FD /* FirstViewController.xib in Resources */,
				E03C97E4151A4C7E0004D2FD /* SecondViewController.xib in Resources */,
				E03C97E9151A4F670004D2FD /* ThirdViewController.xib in Resources */,
				E03C97F0151A52420004D2FD /* 01-refresh.png in Resources */,
				E03C97F1151A52420004D2FD /* 01-refresh@2x.png in Resources */,
				E03C97F2151A52420004D2FD /* 05-shuffle.png in Resources */,
				E03C97F3151A52420004D2FD /* 05-shuffle@2x.png in Resources */,
				E03C97F4151A52420004D2FD /* 12-eye.png in Resources */,
				E03C97F5151A52420004D2FD /* 12-eye@2x.png in Resources */,
			);
			runOnlyForDeploymentPostprocessing = 0;
		};
/* End PBXResourcesBuildPhase section */

/* Begin PBXSourcesBuildPhase section */
		E03C97B1151A435A0004D2FD /* Sources */ = {
			isa = PBXSourcesBuildPhase;
			buildActionMask = 2147483647;
			files = (
				E03C97C6151A435A0004D2FD /* main.m in Sources */,
				E03C97CA151A435A0004D2FD /* AppDelegate.m in Sources */,
				E03C97CD151A435A0004D2FD /* ViewController.m in Sources */,
				E03C97D9151A44D70004D2FD /* ModalViewController.m in Sources */,
				E03C97DE151A4C650004D2FD /* FirstViewController.m in Sources */,
				E03C97E3151A4C7E0004D2FD /* SecondViewController.m in Sources */,
				E03C97E8151A4F670004D2FD /* ThirdViewController.m in Sources */,
			);
			runOnlyForDeploymentPostprocessing = 0;
		};
/* End PBXSourcesBuildPhase section */

/* Begin PBXVariantGroup section */
		E03C97C2151A435A0004D2FD /* InfoPlist.strings */ = {
			isa = PBXVariantGroup;
			children = (
				E03C97C3151A435A0004D2FD /* en */,
			);
			name = InfoPlist.strings;
			sourceTree = "<group>";
		};
		E03C97CE151A435A0004D2FD /* ViewController.xib */ = {
			isa = PBXVariantGroup;
			children = (
				E03C97CF151A435A0004D2FD /* en */,
			);
			name = ViewController.xib;
			sourceTree = "<group>";
		};
/* End PBXVariantGroup section */

/* Begin XCBuildConfiguration section */
		E03C97D1151A435A0004D2FD /* Debug */ = {
			isa = XCBuildConfiguration;
			buildSettings = {
				ALWAYS_SEARCH_USER_PATHS = NO;
				ARCHS = "$(ARCHS_STANDARD_32_BIT)";
				CLANG_ENABLE_OBJC_ARC = YES;
				"CODE_SIGN_IDENTITY[sdk=iphoneos*]" = "iPhone Developer";
				COPY_PHASE_STRIP = NO;
				GCC_C_LANGUAGE_STANDARD = gnu99;
				GCC_DYNAMIC_NO_PIC = NO;
				GCC_OPTIMIZATION_LEVEL = 0;
				GCC_PREPROCESSOR_DEFINITIONS = (
					"DEBUG=1",
					"$(inherited)",
				);
				GCC_SYMBOLS_PRIVATE_EXTERN = NO;
				GCC_VERSION = com.apple.compilers.llvm.clang.1_0;
				GCC_WARN_ABOUT_RETURN_TYPE = YES;
				GCC_WARN_UNINITIALIZED_AUTOS = YES;
				GCC_WARN_UNUSED_VARIABLE = YES;
				IPHONEOS_DEPLOYMENT_TARGET = 5.1;
				SDKROOT = iphoneos;
			};
			name = Debug;
		};
		E03C97D2151A435A0004D2FD /* Release */ = {
			isa = XCBuildConfiguration;
			buildSettings = {
				ALWAYS_SEARCH_USER_PATHS = NO;
				ARCHS = "$(ARCHS_STANDARD_32_BIT)";
				CLANG_ENABLE_OBJC_ARC = YES;
				"CODE_SIGN_IDENTITY[sdk=iphoneos*]" = "iPhone Developer";
				COPY_PHASE_STRIP = YES;
				GCC_C_LANGUAGE_STANDARD = gnu99;
				GCC_VERSION = com.apple.compilers.llvm.clang.1_0;
				GCC_WARN_ABOUT_RETURN_TYPE = YES;
				GCC_WARN_UNINITIALIZED_AUTOS = YES;
				GCC_WARN_UNUSED_VARIABLE = YES;
				IPHONEOS_DEPLOYMENT_TARGET = 5.1;
				OTHER_CFLAGS = "-DNS_BLOCK_ASSERTIONS=1";
				SDKROOT = iphoneos;
				VALIDATE_PRODUCT = YES;
			};
			name = Release;
		};
		E03C97D4151A435A0004D2FD /* Debug */ = {
			isa = XCBuildConfiguration;
			buildSettings = {
				GCC_PRECOMPILE_PREFIX_HEADER = YES;
				GCC_PREFIX_HEADER = "Navigation/Navigation-Prefix.pch";
				INFOPLIST_FILE = "Navigation/Navigation-Info.plist";
				PRODUCT_NAME = "$(TARGET_NAME)";
				WRAPPER_EXTENSION = app;
			};
			name = Debug;
		};
		E03C97D5151A435A0004D2FD /* Release */ = {
			isa = XCBuildConfiguration;
			buildSettings = {
				GCC_PRECOMPILE_PREFIX_HEADER = YES;
				GCC_PREFIX_HEADER = "Navigation/Navigation-Prefix.pch";
				INFOPLIST_FILE = "Navigation/Navigation-Info.plist";
				PRODUCT_NAME = "$(TARGET_NAME)";
				WRAPPER_EXTENSION = app;
			};
			name = Release;
		};
/* End XCBuildConfiguration section */

/* Begin XCConfigurationList section */
		E03C97AF151A435A0004D2FD /* Build configuration list for PBXProject "Navigation" */ = {
			isa = XCConfigurationList;
			buildConfigurations = (
				E03C97D1151A435A0004D2FD /* Debug */,
				E03C97D2151A435A0004D2FD /* Release */,
			);
			defaultConfigurationIsVisible = 0;
			defaultConfigurationName = Release;
		};
		E03C97D3151A435A0004D2FD /* Build configuration list for PBXNativeTarget "Navigation" */ = {
			isa = XCConfigurationList;
			buildConfigurations = (
				E03C97D4151A435A0004D2FD /* Debug */,
				E03C97D5151A435A0004D2FD /* Release */,
			);
			defaultConfigurationIsVisible = 0;
			defaultConfigurationName = Release;
		};
/* End XCConfigurationList section */
	};
	rootObject = E03C97AC151A435A0004D2FD /* Project object */;
}
